
Microsoft Visual Studio Solution File, Format Version 12.00
# Visual Studio Version 16
VisualStudioVersion = 16.0.31729.503
MinimumVisualStudioVersion = 10.0.40219.1
Project("{FAE04EC0-301F-11D3-BF4B-00C04F79EFBC}") = "MQTT_Console_Test", "MQTT_Console_Test.csproj", "{C08C6392-240B-40E9-B8BF-C9DFCF7F124C}"
EndProject
Global
	GlobalSection(SolutionConfigurationPlatforms) = preSolution
		Debug|Any CPU = Debug|Any CPU
		Release|Any CPU = Release|Any CPU
	EndGlobalSection
	GlobalSection(ProjectConfigurationPlatforms) = postSolution
		{C08C6392-240B-40E9-B8BF-C9DFCF7F124C}.Debug|Any CPU.ActiveCfg = Debug|Any CPU
		{C08C6392-240B-40E9-B8BF-C9DFCF7F124C}.Debug|Any CPU.Build.0 = Debug|Any CPU
		{C08C6392-240B-40E9-B8BF-C9DFCF7F124C}.Release|Any CPU.ActiveCfg = Release|Any CPU
		{C08C6392-240B-40E9-B8BF-C9DFCF7F124C}.Release|Any CPU.Build.0 = Release|Any CPU
	EndGlobalSection
	GlobalSection(SolutionProperties) = preSolution
		HideSolutionNode = FALSE
	EndGlobalSection
	GlobalSection(ExtensibilityGlobals) = postSolution
		SolutionGuid = {EECA94A9-B4A5-4062-A384-D02E35577D74}
	EndGlobalSection
EndGlobal
